
Microsoft Visual Studio Solution File, Format Version 12.00
# Visual Studio 15
VisualStudioVersion = 15.0.27428.1
MinimumVisualStudioVersion = 10.0.40219.1
Project("{FAE04EC0-301F-11D3-BF4B-00C04F79EFBC}") = "PolisDevriyeSistemi", "PolisDevriyeSistemi\PolisDevriyeSistemi.csproj", "{DF2517C0-D39F-4B47-8BF6-7A4EC88CF710}"
EndProject
Global
	GlobalSection(SolutionConfigurationPlatforms) = preSolution
		Debug|Any CPU = Debug|Any CPU
		Release|Any CPU = Release|Any CPU
	EndGlobalSection
	GlobalSection(ProjectConfigurationPlatforms) = postSolution
		{DF2517C0-D39F-4B47-8BF6-7A4EC88CF710}.Debug|Any CPU.ActiveCfg = Debug|Any CPU
		{DF2517C0-D39F-4B47-8BF6-7A4EC88CF710}.Debug|Any CPU.Build.0 = Debug|Any CPU
		{DF2517C0-D39F-4B47-8BF6-7A4EC88CF710}.Release|Any CPU.ActiveCfg = Release|Any CPU
		{DF2517C0-D39F-4B47-8BF6-7A4EC88CF710}.Release|Any CPU.Build.0 = Release|Any CPU
	EndGlobalSection
	GlobalSection(SolutionProperties) = preSolution
		HideSolutionNode = FALSE
	EndGlobalSection
	GlobalSection(ExtensibilityGlobals) = postSolution
		SolutionGuid = {14FF6282-37D0-4E68-AA00-2F9FFB48F080}
	EndGlobalSection
EndGlobal
